{
  "nodes": {
    "aeneas": {
      "inputs": {
        "charon": "charon",
        "flake-utils": [
          "aeneas",
          "charon",
          "flake-utils"
        ],
        "hacl-nix": "hacl-nix",
        "nixpkgs": [
          "aeneas",
          "charon",
          "nixpkgs"
        ]
      },
      "locked": {
        "lastModified": 1710913688,
        "narHash": "sha256-62azrcjOUuqZWuGj2yMb1r5CByivewjSIHFZlfFX8Ho=",
        "owner": "AeneasVerif",
        "repo": "aeneas",
        "rev": "0d52c3fe35d0b24de729bdfb917ad6c7104d0c6e",
        "type": "github"
      },
      "original": {
        "owner": "AeneasVerif",
        "repo": "aeneas",
        "type": "github"
      }
    },
    "charon": {
      "inputs": {
        "crane": "crane",
        "flake-utils": "flake-utils",
        "nixpkgs": "nixpkgs",
        "rust-overlay": "rust-overlay"
      },
      "locked": {
        "lastModified": 1710912772,
        "narHash": "sha256-XUZ50NTvfsGoJAfFdjajHwXSIn4Rblutrdwn1y1dB7E=",
        "owner": "aeneasverif",
        "repo": "charon",
        "rev": "0db6709ef5b7952730ed3b0df3e79508b2cf33ad",
        "type": "github"
      },
      "original": {
        "owner": "aeneasverif",
        "repo": "charon",
        "type": "github"
      }
    },
    "charon_2": {
      "inputs": {
        "crane": "crane_2",
        "flake-utils": "flake-utils_3",
        "nixpkgs": "nixpkgs_3",
        "rust-overlay": "rust-overlay_2"
      },
      "locked": {
        "lastModified": 1710913200,
        "narHash": "sha256-TPkIajgXl7narf/2U16y+EVwrjozQed3yDrg6MJdoXo=",
        "owner": "AeneasVerif",
        "repo": "charon",
        "rev": "827ee91c945717ca19ae9c3d1cdfa591d0d5e0d9",
        "type": "github"
      },
      "original": {
        "owner": "AeneasVerif",
        "repo": "charon",
        "type": "github"
      }
    },
    "crane": {
      "inputs": {
        "nixpkgs": [
          "aeneas",
          "charon",
          "nixpkgs"
        ]
      },
      "locked": {
        "lastModified": 1701622587,
        "narHash": "sha256-o3XhxCCyrUHZ0tlta2W7/MuXzy+n0+BUt3rKFK3DIK4=",
        "owner": "ipetkov",
        "repo": "crane",
        "rev": "c09d2cbe84cc2adfe1943cb2a0b55a71c835ca9a",
        "type": "github"
      },
      "original": {
        "owner": "ipetkov",
        "repo": "crane",
        "type": "github"
      }
    },
    "crane_2": {
      "inputs": {
        "nixpkgs": [
          "charon",
          "nixpkgs"
        ]
      },
      "locked": {
        "lastModified": 1701622587,
        "narHash": "sha256-o3XhxCCyrUHZ0tlta2W7/MuXzy+n0+BUt3rKFK3DIK4=",
        "owner": "ipetkov",
        "repo": "crane",
        "rev": "c09d2cbe84cc2adfe1943cb2a0b55a71c835ca9a",
        "type": "github"
      },
      "original": {
        "owner": "ipetkov",
        "repo": "crane",
        "type": "github"
      }
    },
    "flake-utils": {
      "inputs": {
        "systems": "systems"
      },
      "locked": {
        "lastModified": 1701680307,
        "narHash": "sha256-kAuep2h5ajznlPMD9rnQyffWG8EM/C73lejGofXvdM8=",
        "owner": "numtide",
        "repo": "flake-utils",
        "rev": "4022d587cbbfd70fe950c1e2083a02621806a725",
        "type": "github"
      },
      "original": {
        "owner": "numtide",
        "repo": "flake-utils",
        "type": "github"
      }
    },
    "flake-utils_2": {
      "inputs": {
        "systems": "systems_2"
      },
      "locked": {
        "lastModified": 1692799911,
        "narHash": "sha256-3eihraek4qL744EvQXsK1Ha6C3CR7nnT8X2qWap4RNk=",
        "owner": "numtide",
        "repo": "flake-utils",
        "rev": "f9e7cf818399d17d347f847525c5a5a8032e4e44",
        "type": "github"
      },
      "original": {
        "id": "flake-utils",
        "type": "indirect"
      }
    },
    "flake-utils_3": {
      "inputs": {
        "systems": "systems_3"
      },
      "locked": {
        "lastModified": 1701680307,
        "narHash": "sha256-kAuep2h5ajznlPMD9rnQyffWG8EM/C73lejGofXvdM8=",
        "owner": "numtide",
        "repo": "flake-utils",
        "rev": "4022d587cbbfd70fe950c1e2083a02621806a725",
        "type": "github"
      },
      "original": {
        "owner": "numtide",
        "repo": "flake-utils",
        "type": "github"
      }
    },
    "fstar": {
      "inputs": {
        "flake-utils": "flake-utils_2",
        "nixpkgs": "nixpkgs_2"
      },
      "locked": {
        "lastModified": 1710871305,
        "narHash": "sha256-4bqvrVXX8JVlvswJx9apdVJu/HvoAEVsYxGI8IZt14s=",
        "owner": "fstarlang",
        "repo": "fstar",
        "rev": "41299bb12072a7475c036262b9851f7cdc287387",
        "type": "github"
      },
      "original": {
        "owner": "fstarlang",
        "repo": "fstar",
        "type": "github"
      }
    },
    "hacl": {
      "inputs": {
        "flake-utils": [
          "aeneas",
          "hacl-nix",
          "flake-utils"
        ],
        "fstar": [
          "aeneas",
          "hacl-nix",
          "fstar"
        ],
        "karamel": [
          "aeneas",
          "hacl-nix",
          "karamel"
        ],
        "nixpkgs": [
          "aeneas",
          "hacl-nix",
          "nixpkgs"
        ]
      },
      "locked": {
        "lastModified": 1710781424,
        "narHash": "sha256-hiS8rXXzF4N3QzopIYuiNR0F+eaajY7CV2xH6Ga23h4=",
        "owner": "hacl-star",
        "repo": "hacl-star",
        "rev": "3b0f36da380ce71f00d057432bbac6a58e60b329",
        "type": "github"
      },
      "original": {
        "owner": "hacl-star",
        "repo": "hacl-star",
        "type": "github"
      }
    },
    "hacl-nix": {
      "inputs": {
        "flake-utils": [
          "aeneas",
          "hacl-nix",
          "fstar",
          "flake-utils"
        ],
        "fstar": "fstar",
        "hacl": "hacl",
        "karamel": "karamel",
        "nixpkgs": [
          "aeneas",
          "hacl-nix",
          "fstar",
          "nixpkgs"
        ]
      },
      "locked": {
        "lastModified": 1710897170,
        "narHash": "sha256-b+/z6DJbLIHU4CzslZIQAzeMqxZUubhMrcur0J+rDL0=",
        "owner": "hacl-star",
        "repo": "hacl-nix",
        "rev": "8212076565dc408b564708df1872abdf1454f861",
        "type": "github"
      },
      "original": {
        "owner": "hacl-star",
        "repo": "hacl-nix",
        "type": "github"
      }
    },
    "karamel": {
      "inputs": {
        "flake-utils": [
          "aeneas",
          "hacl-nix",
          "flake-utils"
        ],
        "fstar": [
          "aeneas",
          "hacl-nix",
          "fstar"
        ],
        "nixpkgs": [
          "aeneas",
          "hacl-nix",
          "nixpkgs"
        ]
      },
      "locked": {
        "lastModified": 1710895334,
        "narHash": "sha256-HZPu64k7e8Ah429ijQu306IwaN/yspRj6zxtzvYKGnU=",
        "owner": "fstarlang",
        "repo": "karamel",
        "rev": "5a9cbe1d7d3f82760450b7a4bde8e4736b82d7ce",
        "type": "github"
      },
      "original": {
        "owner": "fstarlang",
        "repo": "karamel",
        "type": "github"
      }
    },
    "naersk": {
      "inputs": {
        "nixpkgs": "nixpkgs_4"
      },
      "locked": {
        "lastModified": 1698420672,
        "narHash": "sha256-/TdeHMPRjjdJub7p7+w55vyABrsJlt5QkznPYy55vKA=",
        "owner": "nix-community",
        "repo": "naersk",
        "rev": "aeb58d5e8faead8980a807c840232697982d47b9",
        "type": "github"
      },
      "original": {
        "owner": "nix-community",
        "ref": "master",
        "repo": "naersk",
        "type": "github"
      }
    },
    "nixpkgs": {
      "locked": {
        "lastModified": 1701436327,
        "narHash": "sha256-tRHbnoNI8SIM5O5xuxOmtSLnswEByzmnQcGGyNRjxsE=",
        "owner": "NixOS",
        "repo": "nixpkgs",
        "rev": "91050ea1e57e50388fa87a3302ba12d188ef723a",
        "type": "github"
      },
      "original": {
        "id": "nixpkgs",
        "ref": "nixos-unstable",
        "type": "indirect"
      }
    },
    "nixpkgs_2": {
      "locked": {
        "lastModified": 1693158576,
        "narHash": "sha256-aRTTXkYvhXosGx535iAFUaoFboUrZSYb1Ooih/auGp0=",
        "owner": "NixOS",
        "repo": "nixpkgs",
        "rev": "a999c1cc0c9eb2095729d5aa03e0d8f7ed256780",
        "type": "github"
      },
      "original": {
        "id": "nixpkgs",
        "ref": "nixos-unstable",
        "type": "indirect"
      }
    },
    "nixpkgs_3": {
      "locked": {
        "lastModified": 1701436327,
        "narHash": "sha256-tRHbnoNI8SIM5O5xuxOmtSLnswEByzmnQcGGyNRjxsE=",
        "owner": "NixOS",
        "repo": "nixpkgs",
        "rev": "91050ea1e57e50388fa87a3302ba12d188ef723a",
        "type": "github"
      },
      "original": {
        "id": "nixpkgs",
        "ref": "nixos-unstable",
        "type": "indirect"
      }
    },
    "nixpkgs_4": {
      "locked": {
        "lastModified": 1710889954,
        "narHash": "sha256-Pr6F5Pmd7JnNEMHHmspZ0qVqIBVxyZ13ik1pJtm2QXk=",
        "owner": "NixOS",
        "repo": "nixpkgs",
        "rev": "7872526e9c5332274ea5932a0c3270d6e4724f3b",
        "type": "github"
      },
      "original": {
        "id": "nixpkgs",
        "type": "indirect"
      }
    },
    "nixpkgs_5": {
      "locked": {
        "lastModified": 1710889954,
        "narHash": "sha256-Pr6F5Pmd7JnNEMHHmspZ0qVqIBVxyZ13ik1pJtm2QXk=",
        "owner": "NixOS",
        "repo": "nixpkgs",
        "rev": "7872526e9c5332274ea5932a0c3270d6e4724f3b",
        "type": "github"
      },
      "original": {
        "owner": "NixOS",
        "ref": "nixpkgs-unstable",
        "repo": "nixpkgs",
        "type": "github"
      }
    },
    "root": {
      "inputs": {
        "aeneas": "aeneas",
        "charon": "charon_2",
        "naersk": "naersk",
        "nixpkgs": "nixpkgs_5",
        "utils": "utils"
      }
    },
    "rust-overlay": {
      "inputs": {
        "flake-utils": [
          "aeneas",
          "charon",
          "flake-utils"
        ],
        "nixpkgs": [
          "aeneas",
          "charon",
          "nixpkgs"
        ]
      },
      "locked": {
        "lastModified": 1701656211,
        "narHash": "sha256-lfFXsLWH4hVbEKR6K+UcDiKxeS6Lz4FkC1DZ9LHqf9Y=",
        "owner": "oxalica",
        "repo": "rust-overlay",
        "rev": "47a276e820ae4ae1b8d98a503bf09d2ceb52dfd8",
        "type": "github"
      },
      "original": {
        "owner": "oxalica",
        "repo": "rust-overlay",
        "type": "github"
      }
    },
    "rust-overlay_2": {
      "inputs": {
        "flake-utils": [
          "charon",
          "flake-utils"
        ],
        "nixpkgs": [
          "charon",
          "nixpkgs"
        ]
      },
      "locked": {
        "lastModified": 1701656211,
        "narHash": "sha256-lfFXsLWH4hVbEKR6K+UcDiKxeS6Lz4FkC1DZ9LHqf9Y=",
        "owner": "oxalica",
        "repo": "rust-overlay",
        "rev": "47a276e820ae4ae1b8d98a503bf09d2ceb52dfd8",
        "type": "github"
      },
      "original": {
        "owner": "oxalica",
        "repo": "rust-overlay",
        "type": "github"
      }
    },
    "systems": {
      "locked": {
        "lastModified": 1681028828,
        "narHash": "sha256-Vy1rq5AaRuLzOxct8nz4T6wlgyUR7zLU309k9mBC768=",
        "owner": "nix-systems",
        "repo": "default",
        "rev": "da67096a3b9bf56a91d16901293e51ba5b49a27e",
        "type": "github"
      },
      "original": {
        "owner": "nix-systems",
        "repo": "default",
        "type": "github"
      }
    },
    "systems_2": {
      "locked": {
        "lastModified": 1681028828,
        "narHash": "sha256-Vy1rq5AaRuLzOxct8nz4T6wlgyUR7zLU309k9mBC768=",
        "owner": "nix-systems",
        "repo": "default",
        "rev": "da67096a3b9bf56a91d16901293e51ba5b49a27e",
        "type": "github"
      },
      "original": {
        "owner": "nix-systems",
        "repo": "default",
        "type": "github"
      }
    },
    "systems_3": {
      "locked": {
        "lastModified": 1681028828,
        "narHash": "sha256-Vy1rq5AaRuLzOxct8nz4T6wlgyUR7zLU309k9mBC768=",
        "owner": "nix-systems",
        "repo": "default",
        "rev": "da67096a3b9bf56a91d16901293e51ba5b49a27e",
        "type": "github"
      },
      "original": {
        "owner": "nix-systems",
        "repo": "default",
        "type": "github"
      }
    },
    "systems_4": {
      "locked": {
        "lastModified": 1681028828,
        "narHash": "sha256-Vy1rq5AaRuLzOxct8nz4T6wlgyUR7zLU309k9mBC768=",
        "owner": "nix-systems",
        "repo": "default",
        "rev": "da67096a3b9bf56a91d16901293e51ba5b49a27e",
        "type": "github"
      },
      "original": {
        "owner": "nix-systems",
        "repo": "default",
        "type": "github"
      }
    },
    "utils": {
      "inputs": {
        "systems": "systems_4"
      },
      "locked": {
        "lastModified": 1710146030,
        "narHash": "sha256-SZ5L6eA7HJ/nmkzGG7/ISclqe6oZdOZTNoesiInkXPQ=",
        "owner": "numtide",
        "repo": "flake-utils",
        "rev": "b1d9ab70662946ef0850d488da1c9019f3a9752a",
        "type": "github"
      },
      "original": {
        "owner": "numtide",
        "repo": "flake-utils",
        "type": "github"
      }
    }
  },
  "root": "root",
  "version": 7
}
